
Microsoft Visual Studio Solution File, Format Version 12.00
# Visual Studio Version 17
VisualStudioVersion = 17.0.32112.339
MinimumVisualStudioVersion = 10.0.40219.1
Project("{2150E333-8FDC-42A3-9474-1A3956D46DE8}") = "src", "src", "{70C0EE9C-20B2-497F-9F95-C7412A7918D7}"
EndProject
Project("{2150E333-8FDC-42A3-9474-1A3956D46DE8}") = "test", "test", "{56293532-895D-457A-9F40-C5DC714BD37E}"
EndProject
Project("{2150E333-8FDC-42A3-9474-1A3956D46DE8}") = "API", "API", "{AB62C778-3E8C-4403-B6B2-C97E996ECFD9}"
EndProject
Project("{2150E333-8FDC-42A3-9474-1A3956D46DE8}") = "Core", "Core", "{C8C5F0D2-7D12-44AA-8A70-F5520BA247A6}"
EndProject
Project("{2150E333-8FDC-42A3-9474-1A3956D46DE8}") = "Infrastructure", "Infrastructure", "{6A736D6C-6C4C-4477-A125-AC24F5007D23}"
EndProject
Project("{2150E333-8FDC-42A3-9474-1A3956D46DE8}") = "UI", "UI", "{832195CF-37CF-4B65-A3F7-F4E2D698DCC1}"
	ProjectSection(SolutionItems) = preProject
		TextFile1.txt = TextFile1.txt
	EndProjectSection
EndProject
Project("{9A19103F-16F7-4668-BE54-9A1E7A4F7556}") = "Store.Domain", "Domain\Store.Domain.csproj", "{1DD211DC-4A01-4053-B445-9238D8D17FA8}"
EndProject
Project("{9A19103F-16F7-4668-BE54-9A1E7A4F7556}") = "Store.Application", "Store.Application\Store.Application.csproj", "{D1274CEA-AFB3-4595-89CF-94C69B6A465B}"
EndProject
Project("{9A19103F-16F7-4668-BE54-9A1E7A4F7556}") = "Persistence", "Persistence\Persistence.csproj", "{FDD5A91F-443A-45D9-AA95-0BDB67DA57E8}"
EndProject
Project("{9A19103F-16F7-4668-BE54-9A1E7A4F7556}") = "Infrastructure", "Infrastructure\Infrastructure.csproj", "{725D00D6-6C32-4852-BCC6-F9F1E9D530BE}"
EndProject
Project("{9A19103F-16F7-4668-BE54-9A1E7A4F7556}") = "Store.API", "Store.API\Store.API.csproj", "{705A7516-25CE-47E2-B1A9-3BA15D0BDF8C}"
EndProject
Global
	GlobalSection(SolutionConfigurationPlatforms) = preSolution
		Debug|Any CPU = Debug|Any CPU
		Release|Any CPU = Release|Any CPU
	EndGlobalSection
	GlobalSection(ProjectConfigurationPlatforms) = postSolution
		{1DD211DC-4A01-4053-B445-9238D8D17FA8}.Debug|Any CPU.ActiveCfg = Debug|Any CPU
		{1DD211DC-4A01-4053-B445-9238D8D17FA8}.Debug|Any CPU.Build.0 = Debug|Any CPU
		{1DD211DC-4A01-4053-B445-9238D8D17FA8}.Release|Any CPU.ActiveCfg = Release|Any CPU
		{1DD211DC-4A01-4053-B445-9238D8D17FA8}.Release|Any CPU.Build.0 = Release|Any CPU
		{D1274CEA-AFB3-4595-89CF-94C69B6A465B}.Debug|Any CPU.ActiveCfg = Debug|Any CPU
		{D1274CEA-AFB3-4595-89CF-94C69B6A465B}.Debug|Any CPU.Build.0 = Debug|Any CPU
		{D1274CEA-AFB3-4595-89CF-94C69B6A465B}.Release|Any CPU.ActiveCfg = Release|Any CPU
		{D1274CEA-AFB3-4595-89CF-94C69B6A465B}.Release|Any CPU.Build.0 = Release|Any CPU
		{FDD5A91F-443A-45D9-AA95-0BDB67DA57E8}.Debug|Any CPU.ActiveCfg = Debug|Any CPU
		{FDD5A91F-443A-45D9-AA95-0BDB67DA57E8}.Debug|Any CPU.Build.0 = Debug|Any CPU
		{FDD5A91F-443A-45D9-AA95-0BDB67DA57E8}.Release|Any CPU.ActiveCfg = Release|Any CPU
		{FDD5A91F-443A-45D9-AA95-0BDB67DA57E8}.Release|Any CPU.Build.0 = Release|Any CPU
		{725D00D6-6C32-4852-BCC6-F9F1E9D530BE}.Debug|Any CPU.ActiveCfg = Debug|Any CPU
		{725D00D6-6C32-4852-BCC6-F9F1E9D530BE}.Debug|Any CPU.Build.0 = Debug|Any CPU
		{725D00D6-6C32-4852-BCC6-F9F1E9D530BE}.Release|Any CPU.ActiveCfg = Release|Any CPU
		{725D00D6-6C32-4852-BCC6-F9F1E9D530BE}.Release|Any CPU.Build.0 = Release|Any CPU
		{705A7516-25CE-47E2-B1A9-3BA15D0BDF8C}.Debug|Any CPU.ActiveCfg = Debug|Any CPU
		{705A7516-25CE-47E2-B1A9-3BA15D0BDF8C}.Debug|Any CPU.Build.0 = Debug|Any CPU
		{705A7516-25CE-47E2-B1A9-3BA15D0BDF8C}.Release|Any CPU.ActiveCfg = Release|Any CPU
		{705A7516-25CE-47E2-B1A9-3BA15D0BDF8C}.Release|Any CPU.Build.0 = Release|Any CPU
	EndGlobalSection
	GlobalSection(SolutionProperties) = preSolution
		HideSolutionNode = FALSE
	EndGlobalSection
	GlobalSection(NestedProjects) = preSolution
		{AB62C778-3E8C-4403-B6B2-C97E996ECFD9} = {70C0EE9C-20B2-497F-9F95-C7412A7918D7}
		{C8C5F0D2-7D12-44AA-8A70-F5520BA247A6} = {70C0EE9C-20B2-497F-9F95-C7412A7918D7}
		{6A736D6C-6C4C-4477-A125-AC24F5007D23} = {70C0EE9C-20B2-497F-9F95-C7412A7918D7}
		{832195CF-37CF-4B65-A3F7-F4E2D698DCC1} = {70C0EE9C-20B2-497F-9F95-C7412A7918D7}
		{1DD211DC-4A01-4053-B445-9238D8D17FA8} = {C8C5F0D2-7D12-44AA-8A70-F5520BA247A6}
		{D1274CEA-AFB3-4595-89CF-94C69B6A465B} = {C8C5F0D2-7D12-44AA-8A70-F5520BA247A6}
		{FDD5A91F-443A-45D9-AA95-0BDB67DA57E8} = {6A736D6C-6C4C-4477-A125-AC24F5007D23}
		{725D00D6-6C32-4852-BCC6-F9F1E9D530BE} = {6A736D6C-6C4C-4477-A125-AC24F5007D23}
		{705A7516-25CE-47E2-B1A9-3BA15D0BDF8C} = {AB62C778-3E8C-4403-B6B2-C97E996ECFD9}
	EndGlobalSection
	GlobalSection(ExtensibilityGlobals) = postSolution
		SolutionGuid = {4B62BFF9-E756-4DD6-B402-819EC2360AD7}
	EndGlobalSection
EndGlobal
